{
  "name": "mini",
  "version": "1.0.0",
  "lockfileVersion": 1,
  "requires": true,
  "dependencies": {
    "wxministore": {
      "version": "1.2.81",
      "resolved": "https://registry.npm.taobao.org/wxministore/download/wxministore-1.2.81.tgz",
      "integrity": "sha1-+qgu9WTlTbFtTYUH80ZnHMveE3M="
    }
  }
}
